// !$*UTF8*$!
{
	archiveVersion = 1;
	classes = {
	};
	objectVersion = 50;
	objects = {

/* Begin PBXBuildFile section */
		2E745DE620C30AF000F126B7 /* Dispatch.m in Sources */ = {isa = PBXBuildFile; fileRef = 2E745DE520C30AF000F126B7 /* Dispatch.m */; };
		2E745DED20C36F0D00F126B7 /* UserListTableViewController.m in Sources */ = {isa = PBXBuildFile; fileRef = 2E745DEC20C36F0C00F126B7 /* UserListTableViewController.m */; };
		2E745DF020C374D800F126B7 /* UserTableViewCell.m in Sources */ = {isa = PBXBuildFile; fileRef = 2E745DEF20C374D800F126B7 /* UserTableViewCell.m */; };
		2E745DF520C4BB3D00F126B7 /* GravatarView.m in Sources */ = {isa = PBXBuildFile; fileRef = 2E745DF420C4BB3D00F126B7 /* GravatarView.m */; };
		2E745DF820C4C47B00F126B7 /* TitleView.m in Sources */ = {isa = PBXBuildFile; fileRef = 2E745DF720C4C47B00F126B7 /* TitleView.m */; };
		2E745E0120C52A9900F126B7 /* ScoreBarView.m in Sources */ = {isa = PBXBuildFile; fileRef = 2E745E0020C52A9900F126B7 /* ScoreBarView.m */; };
		2E745E0420C52BDB00F126B7 /* MetalView.m in Sources */ = {isa = PBXBuildFile; fileRef = 2E745E0320C52BDB00F126B7 /* MetalView.m */; };
		2E745E1620C6569500F126B7 /* DMUserTests.m in Sources */ = {isa = PBXBuildFile; fileRef = 2E745E1520C6569500F126B7 /* DMUserTests.m */; };
		2E745E1820C659BD00F126B7 /* DMBadgeTests.m in Sources */ = {isa = PBXBuildFile; fileRef = 2E745E1720C659BD00F126B7 /* DMBadgeTests.m */; };
		2EA35CFA20C1F042009425E9 /* AppDelegate.m in Sources */ = {isa = PBXBuildFile; fileRef = 2EA35CF920C1F042009425E9 /* AppDelegate.m */; };
		2EA35D0020C1F042009425E9 /* Main.storyboard in Resources */ = {isa = PBXBuildFile; fileRef = 2EA35CFE20C1F042009425E9 /* Main.storyboard */; };
		2EA35D0220C1F045009425E9 /* Assets.xcassets in Resources */ = {isa = PBXBuildFile; fileRef = 2EA35D0120C1F045009425E9 /* Assets.xcassets */; };
		2EA35D0520C1F045009425E9 /* LaunchScreen.storyboard in Resources */ = {isa = PBXBuildFile; fileRef = 2EA35D0320C1F045009425E9 /* LaunchScreen.storyboard */; };
		2EA35D0820C1F045009425E9 /* main.m in Sources */ = {isa = PBXBuildFile; fileRef = 2EA35D0720C1F045009425E9 /* main.m */; };
		2EA35D1D20C23AA3009425E9 /* DMUser.m in Sources */ = {isa = PBXBuildFile; fileRef = 2EA35D1C20C23AA3009425E9 /* DMUser.m */; };
		2EA35D2020C23AC8009425E9 /* DMBadge.m in Sources */ = {isa = PBXBuildFile; fileRef = 2EA35D1F20C23AC8009425E9 /* DMBadge.m */; };
		2EA35D2320C23ADA009425E9 /* DMBase.m in Sources */ = {isa = PBXBuildFile; fileRef = 2EA35D2220C23ADA009425E9 /* DMBase.m */; };
		2EA35D2720C26341009425E9 /* UserViewModel.m in Sources */ = {isa = PBXBuildFile; fileRef = 2EA35D2620C26341009425E9 /* UserViewModel.m */; };
		2EA35D2E20C27559009425E9 /* *.stackexchange.com.cer in Resources */ = {isa = PBXBuildFile; fileRef = 2EA35D2D20C271CA009425E9 /* *.stackexchange.com.cer */; };
		2EA35D3220C27FA5009425E9 /* NWHttps.m in Sources */ = {isa = PBXBuildFile; fileRef = 2EA35D3120C27FA5009425E9 /* NWHttps.m */; };
		2EA35D3520C2803C009425E9 /* NWBase.m in Sources */ = {isa = PBXBuildFile; fileRef = 2EA35D3420C2803C009425E9 /* NWBase.m */; };
		2EA35D3820C28AD7009425E9 /* UIImageView+NWHttps.m in Sources */ = {isa = PBXBuildFile; fileRef = 2EA35D3720C28AD7009425E9 /* UIImageView+NWHttps.m */; };
/* End PBXBuildFile section */

/* Begin PBXContainerItemProxy section */
		2E745E0E20C6561F00F126B7 /* PBXContainerItemProxy */ = {
			isa = PBXContainerItemProxy;
			containerPortal = 2EA35CED20C1F042009425E9 /* Project object */;
			proxyType = 1;
			remoteGlobalIDString = 2EA35CF420C1F042009425E9;
			remoteInfo = StackoverflowUsers;
		};
/* End PBXContainerItemProxy section */

/* Begin PBXFileReference section */
		2E745DE420C30AF000F126B7 /* Dispatch.h */ = {isa = PBXFileReference; lastKnownFileType = sourcecode.c.h; path = Dispatch.h; sourceTree = "<group>"; };
		2E745DE520C30AF000F126B7 /* Dispatch.m */ = {isa = PBXFileReference; lastKnownFileType = sourcecode.c.objc; path = Dispatch.m; sourceTree = "<group>"; };
		2E745DE720C31EBC00F126B7 /* Blocks.h */ = {isa = PBXFileReference; lastKnownFileType = sourcecode.c.h; path = Blocks.h; sourceTree = "<group>"; };
		2E745DE820C320C200F126B7 /* NWBase_Protected.h */ = {isa = PBXFileReference; lastKnownFileType = sourcecode.c.h; path = NWBase_Protected.h; sourceTree = "<group>"; };
		2E745DE920C323C300F126B7 /* SelfMacros.h */ = {isa = PBXFileReference; lastKnownFileType = sourcecode.c.h; path = SelfMacros.h; sourceTree = "<group>"; };
		2E745DEA20C3295300F126B7 /* Keys.h */ = {isa = PBXFileReference; lastKnownFileType = sourcecode.c.h; path = Keys.h; sourceTree = "<group>"; };
		2E745DEB20C36F0C00F126B7 /* UserListTableViewController.h */ = {isa = PBXFileReference; lastKnownFileType = sourcecode.c.h; path = UserListTableViewController.h; sourceTree = "<group>"; };
		2E745DEC20C36F0C00F126B7 /* UserListTableViewController.m */ = {isa = PBXFileReference; lastKnownFileType = sourcecode.c.objc; path = UserListTableViewController.m; sourceTree = "<group>"; };
		2E745DEE20C374D800F126B7 /* UserTableViewCell.h */ = {isa = PBXFileReference; lastKnownFileType = sourcecode.c.h; path = UserTableViewCell.h; sourceTree = "<group>"; };
		2E745DEF20C374D800F126B7 /* UserTableViewCell.m */ = {isa = PBXFileReference; lastKnownFileType = sourcecode.c.objc; path = UserTableViewCell.m; sourceTree = "<group>"; };
		2E745DF220C4B8FC00F126B7 /* Colors.h */ = {isa = PBXFileReference; lastKnownFileType = sourcecode.c.h; path = Colors.h; sourceTree = "<group>"; };
		2E745DF320C4BB3D00F126B7 /* GravatarView.h */ = {isa = PBXFileReference; lastKnownFileType = sourcecode.c.h; path = GravatarView.h; sourceTree = "<group>"; };
		2E745DF420C4BB3D00F126B7 /* GravatarView.m */ = {isa = PBXFileReference; lastKnownFileType = sourcecode.c.objc; path = GravatarView.m; sourceTree = "<group>"; };
		2E745DF620C4C47B00F126B7 /* TitleView.h */ = {isa = PBXFileReference; lastKnownFileType = sourcecode.c.h; path = TitleView.h; sourceTree = "<group>"; };
		2E745DF720C4C47B00F126B7 /* TitleView.m */ = {isa = PBXFileReference; lastKnownFileType = sourcecode.c.objc; path = TitleView.m; sourceTree = "<group>"; };
		2E745DFF20C52A9900F126B7 /* ScoreBarView.h */ = {isa = PBXFileReference; lastKnownFileType = sourcecode.c.h; path = ScoreBarView.h; sourceTree = "<group>"; };
		2E745E0020C52A9900F126B7 /* ScoreBarView.m */ = {isa = PBXFileReference; lastKnownFileType = sourcecode.c.objc; path = ScoreBarView.m; sourceTree = "<group>"; };
		2E745E0220C52BDB00F126B7 /* MetalView.h */ = {isa = PBXFileReference; lastKnownFileType = sourcecode.c.h; path = MetalView.h; sourceTree = "<group>"; };
		2E745E0320C52BDB00F126B7 /* MetalView.m */ = {isa = PBXFileReference; lastKnownFileType = sourcecode.c.objc; path = MetalView.m; sourceTree = "<group>"; };
		2E745E0920C6561E00F126B7 /* DataModelTests.xctest */ = {isa = PBXFileReference; explicitFileType = wrapper.cfbundle; includeInIndex = 0; path = DataModelTests.xctest; sourceTree = BUILT_PRODUCTS_DIR; };
		2E745E0D20C6561F00F126B7 /* Info.plist */ = {isa = PBXFileReference; lastKnownFileType = text.plist.xml; path = Info.plist; sourceTree = "<group>"; };
		2E745E1520C6569500F126B7 /* DMUserTests.m */ = {isa = PBXFileReference; lastKnownFileType = sourcecode.c.objc; path = DMUserTests.m; sourceTree = "<group>"; };
		2E745E1720C659BD00F126B7 /* DMBadgeTests.m */ = {isa = PBXFileReference; lastKnownFileType = sourcecode.c.objc; path = DMBadgeTests.m; sourceTree = "<group>"; };
		2EA35CF520C1F042009425E9 /* StackoverflowUsers.app */ = {isa = PBXFileReference; explicitFileType = wrapper.application; includeInIndex = 0; path = StackoverflowUsers.app; sourceTree = BUILT_PRODUCTS_DIR; };
		2EA35CF820C1F042009425E9 /* AppDelegate.h */ = {isa = PBXFileReference; lastKnownFileType = sourcecode.c.h; path = AppDelegate.h; sourceTree = "<group>"; };
		2EA35CF920C1F042009425E9 /* AppDelegate.m */ = {isa = PBXFileReference; lastKnownFileType = sourcecode.c.objc; path = AppDelegate.m; sourceTree = "<group>"; };
		2EA35CFF20C1F042009425E9 /* Base */ = {isa = PBXFileReference; lastKnownFileType = file.storyboard; name = Base; path = Base.lproj/Main.storyboard; sourceTree = "<group>"; };
		2EA35D0120C1F045009425E9 /* Assets.xcassets */ = {isa = PBXFileReference; lastKnownFileType = folder.assetcatalog; path = Assets.xcassets; sourceTree = "<group>"; };
		2EA35D0420C1F045009425E9 /* Base */ = {isa = PBXFileReference; lastKnownFileType = file.storyboard; name = Base; path = Base.lproj/LaunchScreen.storyboard; sourceTree = "<group>"; };
		2EA35D0620C1F045009425E9 /* Info.plist */ = {isa = PBXFileReference; lastKnownFileType = text.plist.xml; path = Info.plist; sourceTree = "<group>"; };
		2EA35D0720C1F045009425E9 /* main.m */ = {isa = PBXFileReference; lastKnownFileType = sourcecode.c.objc; path = main.m; sourceTree = "<group>"; };
		2EA35D1B20C23AA3009425E9 /* DMUser.h */ = {isa = PBXFileReference; lastKnownFileType = sourcecode.c.h; path = DMUser.h; sourceTree = "<group>"; };
		2EA35D1C20C23AA3009425E9 /* DMUser.m */ = {isa = PBXFileReference; lastKnownFileType = sourcecode.c.objc; path = DMUser.m; sourceTree = "<group>"; };
		2EA35D1E20C23AC8009425E9 /* DMBadge.h */ = {isa = PBXFileReference; lastKnownFileType = sourcecode.c.h; path = DMBadge.h; sourceTree = "<group>"; };
		2EA35D1F20C23AC8009425E9 /* DMBadge.m */ = {isa = PBXFileReference; lastKnownFileType = sourcecode.c.objc; path = DMBadge.m; sourceTree = "<group>"; };
		2EA35D2120C23ADA009425E9 /* DMBase.h */ = {isa = PBXFileReference; lastKnownFileType = sourcecode.c.h; path = DMBase.h; sourceTree = "<group>"; };
		2EA35D2220C23ADA009425E9 /* DMBase.m */ = {isa = PBXFileReference; lastKnownFileType = sourcecode.c.objc; path = DMBase.m; sourceTree = "<group>"; };
		2EA35D2520C26341009425E9 /* UserViewModel.h */ = {isa = PBXFileReference; lastKnownFileType = sourcecode.c.h; path = UserViewModel.h; sourceTree = "<group>"; };
		2EA35D2620C26341009425E9 /* UserViewModel.m */ = {isa = PBXFileReference; lastKnownFileType = sourcecode.c.objc; path = UserViewModel.m; sourceTree = "<group>"; };
		2EA35D2D20C271CA009425E9 /* *.stackexchange.com.cer */ = {isa = PBXFileReference; lastKnownFileType = file; path = "*.stackexchange.com.cer"; sourceTree = "<group>"; };
		2EA35D3020C27FA5009425E9 /* NWHttps.h */ = {isa = PBXFileReference; lastKnownFileType = sourcecode.c.h; path = NWHttps.h; sourceTree = "<group>"; };
		2EA35D3120C27FA5009425E9 /* NWHttps.m */ = {isa = PBXFileReference; lastKnownFileType = sourcecode.c.objc; path = NWHttps.m; sourceTree = "<group>"; };
		2EA35D3320C2803C009425E9 /* NWBase.h */ = {isa = PBXFileReference; lastKnownFileType = sourcecode.c.h; path = NWBase.h; sourceTree = "<group>"; };
		2EA35D3420C2803C009425E9 /* NWBase.m */ = {isa = PBXFileReference; lastKnownFileType = sourcecode.c.objc; path = NWBase.m; sourceTree = "<group>"; };
		2EA35D3620C28AD7009425E9 /* UIImageView+NWHttps.h */ = {isa = PBXFileReference; lastKnownFileType = sourcecode.c.h; path = "UIImageView+NWHttps.h"; sourceTree = "<group>"; };
		2EA35D3720C28AD7009425E9 /* UIImageView+NWHttps.m */ = {isa = PBXFileReference; lastKnownFileType = sourcecode.c.objc; path = "UIImageView+NWHttps.m"; sourceTree = "<group>"; };
/* End PBXFileReference section */

/* Begin PBXFrameworksBuildPhase section */
		2E745E0620C6561E00F126B7 /* Frameworks */ = {
			isa = PBXFrameworksBuildPhase;
			buildActionMask = 2147483647;
			files = (
			);
			runOnlyForDeploymentPostprocessing = 0;
		};
		2EA35CF220C1F042009425E9 /* Frameworks */ = {
			isa = PBXFrameworksBuildPhase;
			buildActionMask = 2147483647;
			files = (
			);
			runOnlyForDeploymentPostprocessing = 0;
		};
/* End PBXFrameworksBuildPhase section */

/* Begin PBXGroup section */
		2E745E0A20C6561E00F126B7 /* DataModelTests */ = {
			isa = PBXGroup;
			children = (
				2E745E1520C6569500F126B7 /* DMUserTests.m */,
				2E745E1720C659BD00F126B7 /* DMBadgeTests.m */,
				2E745E0D20C6561F00F126B7 /* Info.plist */,
			);
			path = DataModelTests;
			sourceTree = "<group>";
		};
		2EA35CEC20C1F042009425E9 = {
			isa = PBXGroup;
			children = (
				2EA35CF720C1F042009425E9 /* StackoverflowUsers */,
				2E745E0A20C6561E00F126B7 /* DataModelTests */,
				2EA35CF620C1F042009425E9 /* Products */,
			);
			sourceTree = "<group>";
		};
		2EA35CF620C1F042009425E9 /* Products */ = {
			isa = PBXGroup;
			children = (
				2EA35CF520C1F042009425E9 /* StackoverflowUsers.app */,
				2E745E0920C6561E00F126B7 /* DataModelTests.xctest */,
			);
			name = Products;
			sourceTree = "<group>";
		};
		2EA35CF720C1F042009425E9 /* StackoverflowUsers */ = {
			isa = PBXGroup;
			children = (
				2EA35D2F20C27E50009425E9 /* Networking */,
				2EA35D2820C26C95009425E9 /* Utils */,
				2EA35D2420C26322009425E9 /* View Models */,
				2EA35D2920C26CA7009425E9 /* Views */,
				2EA35D1920C1FEF6009425E9 /* Supporting Files */,
			);
			path = StackoverflowUsers;
			sourceTree = "<group>";
		};
		2EA35D1920C1FEF6009425E9 /* Supporting Files */ = {
			isa = PBXGroup;
			children = (
				2EA35CF820C1F042009425E9 /* AppDelegate.h */,
				2EA35CF920C1F042009425E9 /* AppDelegate.m */,
				2EA35D0120C1F045009425E9 /* Assets.xcassets */,
				2EA35D0320C1F045009425E9 /* LaunchScreen.storyboard */,
				2EA35D0620C1F045009425E9 /* Info.plist */,
				2EA35D2D20C271CA009425E9 /* *.stackexchange.com.cer */,
				2EA35D0720C1F045009425E9 /* main.m */,
			);
			path = "Supporting Files";
			sourceTree = "<group>";
		};
		2EA35D1A20C23A64009425E9 /* Data Models */ = {
			isa = PBXGroup;
			children = (
				2EA35D2120C23ADA009425E9 /* DMBase.h */,
				2EA35D2220C23ADA009425E9 /* DMBase.m */,
				2EA35D1B20C23AA3009425E9 /* DMUser.h */,
				2EA35D1C20C23AA3009425E9 /* DMUser.m */,
				2EA35D1E20C23AC8009425E9 /* DMBadge.h */,
				2EA35D1F20C23AC8009425E9 /* DMBadge.m */,
			);
			path = "Data Models";
			sourceTree = "<group>";
		};
		2EA35D2420C26322009425E9 /* View Models */ = {
			isa = PBXGroup;
			children = (
				2EA35D2520C26341009425E9 /* UserViewModel.h */,
				2EA35D2620C26341009425E9 /* UserViewModel.m */,
				2EA35D1A20C23A64009425E9 /* Data Models */,
			);
			path = "View Models";
			sourceTree = "<group>";
		};
		2EA35D2820C26C95009425E9 /* Utils */ = {
			isa = PBXGroup;
			children = (
				2E745DE420C30AF000F126B7 /* Dispatch.h */,
				2E745DE520C30AF000F126B7 /* Dispatch.m */,
				2E745DE720C31EBC00F126B7 /* Blocks.h */,
				2E745DE920C323C300F126B7 /* SelfMacros.h */,
				2E745DEA20C3295300F126B7 /* Keys.h */,
				2E745DF220C4B8FC00F126B7 /* Colors.h */,
			);
			path = Utils;
			sourceTree = "<group>";
		};
		2EA35D2920C26CA7009425E9 /* Views */ = {
			isa = PBXGroup;
			children = (
				2EA35D2B20C26CDC009425E9 /* View Controllers */,
				2EA35D2A20C26CD0009425E9 /* UIs */,
			);
			path = Views;
			sourceTree = "<group>";
		};
		2EA35D2A20C26CD0009425E9 /* UIs */ = {
			isa = PBXGroup;
			children = (
				2EA35CFE20C1F042009425E9 /* Main.storyboard */,
				2E745DEE20C374D800F126B7 /* UserTableViewCell.h */,
				2E745DEF20C374D800F126B7 /* UserTableViewCell.m */,
				2E745DF320C4BB3D00F126B7 /* GravatarView.h */,
				2E745DF420C4BB3D00F126B7 /* GravatarView.m */,
				2E745DF620C4C47B00F126B7 /* TitleView.h */,
				2E745DF720C4C47B00F126B7 /* TitleView.m */,
				2E745E0220C52BDB00F126B7 /* MetalView.h */,
				2E745E0320C52BDB00F126B7 /* MetalView.m */,
				2E745DFF20C52A9900F126B7 /* ScoreBarView.h */,
				2E745E0020C52A9900F126B7 /* ScoreBarView.m */,
			);
			path = UIs;
			sourceTree = "<group>";
		};
		2EA35D2B20C26CDC009425E9 /* View Controllers */ = {
			isa = PBXGroup;
			children = (
				2E745DEB20C36F0C00F126B7 /* UserListTableViewController.h */,
				2E745DEC20C36F0C00F126B7 /* UserListTableViewController.m */,
			);
			path = "View Controllers";
			sourceTree = "<group>";
		};
		2EA35D2F20C27E50009425E9 /* Networking */ = {
			isa = PBXGroup;
			children = (
				2EA35D3320C2803C009425E9 /* NWBase.h */,
				2EA35D3420C2803C009425E9 /* NWBase.m */,
				2E745DE820C320C200F126B7 /* NWBase_Protected.h */,
				2EA35D3020C27FA5009425E9 /* NWHttps.h */,
				2EA35D3120C27FA5009425E9 /* NWHttps.m */,
				2EA35D3620C28AD7009425E9 /* UIImageView+NWHttps.h */,
				2EA35D3720C28AD7009425E9 /* UIImageView+NWHttps.m */,
			);
			path = Networking;
			sourceTree = "<group>";
		};
/* End PBXGroup section */

/* Begin PBXNativeTarget section */
		2E745E0820C6561E00F126B7 /* DataModelTests */ = {
			isa = PBXNativeTarget;
			buildConfigurationList = 2E745E1020C6561F00F126B7 /* Build configuration list for PBXNativeTarget "DataModelTests" */;
			buildPhases = (
				2E745E0520C6561E00F126B7 /* Sources */,
				2E745E0620C6561E00F126B7 /* Frameworks */,
				2E745E0720C6561E00F126B7 /* Resources */,
			);
			buildRules = (
			);
			dependencies = (
				2E745E0F20C6561F00F126B7 /* PBXTargetDependency */,
			);
			name = DataModelTests;
			productName = DataModelTests;
			productReference = 2E745E0920C6561E00F126B7 /* DataModelTests.xctest */;
			productType = "com.apple.product-type.bundle.unit-test";
		};
		2EA35CF420C1F042009425E9 /* StackoverflowUsers */ = {
			isa = PBXNativeTarget;
			buildConfigurationList = 2EA35D0B20C1F045009425E9 /* Build configuration list for PBXNativeTarget "StackoverflowUsers" */;
			buildPhases = (
				2EA35CF120C1F042009425E9 /* Sources */,
				2EA35CF220C1F042009425E9 /* Frameworks */,
				2EA35CF320C1F042009425E9 /* Resources */,
			);
			buildRules = (
			);
			dependencies = (
			);
			name = StackoverflowUsers;
			productName = StackoverflowUsers;
			productReference = 2EA35CF520C1F042009425E9 /* StackoverflowUsers.app */;
			productType = "com.apple.product-type.application";
		};
/* End PBXNativeTarget section */

/* Begin PBXProject section */
		2EA35CED20C1F042009425E9 /* Project object */ = {
			isa = PBXProject;
			attributes = {
				LastUpgradeCheck = 0940;
				ORGANIZATIONNAME = Jian;
				TargetAttributes = {
					2E745E0820C6561E00F126B7 = {
						CreatedOnToolsVersion = 9.4;
						TestTargetID = 2EA35CF420C1F042009425E9;
					};
					2EA35CF420C1F042009425E9 = {
						CreatedOnToolsVersion = 9.4;
					};
				};
			};
			buildConfigurationList = 2EA35CF020C1F042009425E9 /* Build configuration list for PBXProject "StackoverflowUsers" */;
			compatibilityVersion = "Xcode 9.3";
			developmentRegion = en;
			hasScannedForEncodings = 0;
			knownRegions = (
				en,
				Base,
			);
			mainGroup = 2EA35CEC20C1F042009425E9;
			productRefGroup = 2EA35CF620C1F042009425E9 /* Products */;
			projectDirPath = "";
			projectRoot = "";
			targets = (
				2EA35CF420C1F042009425E9 /* StackoverflowUsers */,
				2E745E0820C6561E00F126B7 /* DataModelTests */,
			);
		};
/* End PBXProject section */

/* Begin PBXResourcesBuildPhase section */
		2E745E0720C6561E00F126B7 /* Resources */ = {
			isa = PBXResourcesBuildPhase;
			buildActionMask = 2147483647;
			files = (
			);
			runOnlyForDeploymentPostprocessing = 0;
		};
		2EA35CF320C1F042009425E9 /* Resources */ = {
			isa = PBXResourcesBuildPhase;
			buildActionMask = 2147483647;
			files = (
				2EA35D2E20C27559009425E9 /* *.stackexchange.com.cer in Resources */,
				2EA35D0520C1F045009425E9 /* LaunchScreen.storyboard in Resources */,
				2EA35D0220C1F045009425E9 /* Assets.xcassets in Resources */,
				2EA35D0020C1F042009425E9 /* Main.storyboard in Resources */,
			);
			runOnlyForDeploymentPostprocessing = 0;
		};
/* End PBXResourcesBuildPhase section */

/* Begin PBXSourcesBuildPhase section */
		2E745E0520C6561E00F126B7 /* Sources */ = {
			isa = PBXSourcesBuildPhase;
			buildActionMask = 2147483647;
			files = (
				2E745E1820C659BD00F126B7 /* DMBadgeTests.m in Sources */,
				2E745E1620C6569500F126B7 /* DMUserTests.m in Sources */,
			);
			runOnlyForDeploymentPostprocessing = 0;
		};
		2EA35CF120C1F042009425E9 /* Sources */ = {
			isa = PBXSourcesBuildPhase;
			buildActionMask = 2147483647;
			files = (
				2EA35D2720C26341009425E9 /* UserViewModel.m in Sources */,
				2E745DE620C30AF000F126B7 /* Dispatch.m in Sources */,
				2EA35D2020C23AC8009425E9 /* DMBadge.m in Sources */,
				2EA35D2320C23ADA009425E9 /* DMBase.m in Sources */,
				2EA35D3820C28AD7009425E9 /* UIImageView+NWHttps.m in Sources */,
				2E745E0120C52A9900F126B7 /* ScoreBarView.m in Sources */,
				2E745DED20C36F0D00F126B7 /* UserListTableViewController.m in Sources */,
				2EA35D3520C2803C009425E9 /* NWBase.m in Sources */,
				2EA35D3220C27FA5009425E9 /* NWHttps.m in Sources */,
				2E745DF020C374D800F126B7 /* UserTableViewCell.m in Sources */,
				2EA35D0820C1F045009425E9 /* main.m in Sources */,
				2E745DF520C4BB3D00F126B7 /* GravatarView.m in Sources */,
				2E745DF820C4C47B00F126B7 /* TitleView.m in Sources */,
				2EA35CFA20C1F042009425E9 /* AppDelegate.m in Sources */,
				2E745E0420C52BDB00F126B7 /* MetalView.m in Sources */,
				2EA35D1D20C23AA3009425E9 /* DMUser.m in Sources */,
			);
			runOnlyForDeploymentPostprocessing = 0;
		};
/* End PBXSourcesBuildPhase section */

/* Begin PBXTargetDependency section */
		2E745E0F20C6561F00F126B7 /* PBXTargetDependency */ = {
			isa = PBXTargetDependency;
			target = 2EA35CF420C1F042009425E9 /* StackoverflowUsers */;
			targetProxy = 2E745E0E20C6561F00F126B7 /* PBXContainerItemProxy */;
		};
/* End PBXTargetDependency section */

/* Begin PBXVariantGroup section */
		2EA35CFE20C1F042009425E9 /* Main.storyboard */ = {
			isa = PBXVariantGroup;
			children = (
				2EA35CFF20C1F042009425E9 /* Base */,
			);
			name = Main.storyboard;
			sourceTree = "<group>";
		};
		2EA35D0320C1F045009425E9 /* LaunchScreen.storyboard */ = {
			isa = PBXVariantGroup;
			children = (
				2EA35D0420C1F045009425E9 /* Base */,
			);
			name = LaunchScreen.storyboard;
			sourceTree = "<group>";
		};
/* End PBXVariantGroup section */

/* Begin XCBuildConfiguration section */
		2E745E1120C6561F00F126B7 /* Debug */ = {
			isa = XCBuildConfiguration;
			buildSettings = {
				BUNDLE_LOADER = "$(TEST_HOST)";
				CODE_SIGN_STYLE = Automatic;
				INFOPLIST_FILE = DataModelTests/Info.plist;
				LD_RUNPATH_SEARCH_PATHS = (
					"$(inherited)",
					"@executable_path/Frameworks",
					"@loader_path/Frameworks",
				);
				PRODUCT_BUNDLE_IDENTIFIER = com.jian.DataModelTests;
				PRODUCT_NAME = "$(TARGET_NAME)";
				TARGETED_DEVICE_FAMILY = "1,2";
				TEST_HOST = "$(BUILT_PRODUCTS_DIR)/StackoverflowUsers.app/StackoverflowUsers";
			};
			name = Debug;
		};
		2E745E1220C6561F00F126B7 /* Release */ = {
			isa = XCBuildConfiguration;
			buildSettings = {
				BUNDLE_LOADER = "$(TEST_HOST)";
				CODE_SIGN_STYLE = Automatic;
				INFOPLIST_FILE = DataModelTests/Info.plist;
				LD_RUNPATH_SEARCH_PATHS = (
					"$(inherited)",
					"@executable_path/Frameworks",
					"@loader_path/Frameworks",
				);
				PRODUCT_BUNDLE_IDENTIFIER = com.jian.DataModelTests;
				PRODUCT_NAME = "$(TARGET_NAME)";
				TARGETED_DEVICE_FAMILY = "1,2";
				TEST_HOST = "$(BUILT_PRODUCTS_DIR)/StackoverflowUsers.app/StackoverflowUsers";
			};
			name = Release;
		};
		2EA35D0920C1F045009425E9 /* Debug */ = {
			isa = XCBuildConfiguration;
			buildSettings = {
				ALWAYS_SEARCH_USER_PATHS = NO;
				CLANG_ANALYZER_NONNULL = YES;
				CLANG_ANALYZER_NUMBER_OBJECT_CONVERSION = YES_AGGRESSIVE;
				CLANG_CXX_LANGUAGE_STANDARD = "gnu++14";
				CLANG_CXX_LIBRARY = "libc++";
				CLANG_ENABLE_MODULES = YES;
				CLANG_ENABLE_OBJC_ARC = YES;
				CLANG_ENABLE_OBJC_WEAK = YES;
				CLANG_WARN_BLOCK_CAPTURE_AUTORELEASING = YES;
				CLANG_WARN_BOOL_CONVERSION = YES;
				CLANG_WARN_COMMA = YES;
				CLANG_WARN_CONSTANT_CONVERSION = YES;
				CLANG_WARN_DEPRECATED_OBJC_IMPLEMENTATIONS = YES;
				CLANG_WARN_DIRECT_OBJC_ISA_USAGE = YES_ERROR;
				CLANG_WARN_DOCUMENTATION_COMMENTS = YES;
				CLANG_WARN_EMPTY_BODY = YES;
				CLANG_WARN_ENUM_CONVERSION = YES;
				CLANG_WARN_INFINITE_RECURSION = YES;
				CLANG_WARN_INT_CONVERSION = YES;
				CLANG_WARN_NON_LITERAL_NULL_CONVERSION = YES;
				CLANG_WARN_OBJC_IMPLICIT_RETAIN_SELF = YES;
				CLANG_WARN_OBJC_LITERAL_CONVERSION = YES;
				CLANG_WARN_OBJC_ROOT_CLASS = YES_ERROR;
				CLANG_WARN_RANGE_LOOP_ANALYSIS = YES;
				CLANG_WARN_STRICT_PROTOTYPES = YES;
				CLANG_WARN_SUSPICIOUS_MOVE = YES;
				CLANG_WARN_UNGUARDED_AVAILABILITY = YES_AGGRESSIVE;
				CLANG_WARN_UNREACHABLE_CODE = YES;
				CLANG_WARN__DUPLICATE_METHOD_MATCH = YES;
				CODE_SIGN_IDENTITY = "iPhone Developer";
				COPY_PHASE_STRIP = NO;
				DEBUG_INFORMATION_FORMAT = dwarf;
				ENABLE_STRICT_OBJC_MSGSEND = YES;
				ENABLE_TESTABILITY = YES;
				GCC_C_LANGUAGE_STANDARD = gnu11;
				GCC_DYNAMIC_NO_PIC = NO;
				GCC_NO_COMMON_BLOCKS = YES;
				GCC_OPTIMIZATION_LEVEL = 0;
				GCC_PREPROCESSOR_DEFINITIONS = (
					"DEBUG=1",
					"$(inherited)",
				);
				GCC_WARN_64_TO_32_BIT_CONVERSION = YES;
				GCC_WARN_ABOUT_RETURN_TYPE = YES_ERROR;
				GCC_WARN_UNDECLARED_SELECTOR = YES;
				GCC_WARN_UNINITIALIZED_AUTOS = YES_AGGRESSIVE;
				GCC_WARN_UNUSED_FUNCTION = YES;
				GCC_WARN_UNUSED_VARIABLE = YES;
				IPHONEOS_DEPLOYMENT_TARGET = 11.4;
				MTL_ENABLE_DEBUG_INFO = YES;
				ONLY_ACTIVE_ARCH = YES;
				SDKROOT = iphoneos;
			};
			name = Debug;
		};
		2EA35D0A20C1F045009425E9 /* Release */ = {
			isa = XCBuildConfiguration;
			buildSettings = {
				ALWAYS_SEARCH_USER_PATHS = NO;
				CLANG_ANALYZER_NONNULL = YES;
				CLANG_ANALYZER_NUMBER_OBJECT_CONVERSION = YES_AGGRESSIVE;
				CLANG_CXX_LANGUAGE_STANDARD = "gnu++14";
				CLANG_CXX_LIBRARY = "libc++";
				CLANG_ENABLE_MODULES = YES;
				CLANG_ENABLE_OBJC_ARC = YES;
				CLANG_ENABLE_OBJC_WEAK = YES;
				CLANG_WARN_BLOCK_CAPTURE_AUTORELEASING = YES;
				CLANG_WARN_BOOL_CONVERSION = YES;
				CLANG_WARN_COMMA = YES;
				CLANG_WARN_CONSTANT_CONVERSION = YES;
				CLANG_WARN_DEPRECATED_OBJC_IMPLEMENTATIONS = YES;
				CLANG_WARN_DIRECT_OBJC_ISA_USAGE = YES_ERROR;
				CLANG_WARN_DOCUMENTATION_COMMENTS = YES;
				CLANG_WARN_EMPTY_BODY = YES;
				CLANG_WARN_ENUM_CONVERSION = YES;
				CLANG_WARN_INFINITE_RECURSION = YES;
				CLANG_WARN_INT_CONVERSION = YES;
				CLANG_WARN_NON_LITERAL_NULL_CONVERSION = YES;
				CLANG_WARN_OBJC_IMPLICIT_RETAIN_SELF = YES;
				CLANG_WARN_OBJC_LITERAL_CONVERSION = YES;
				CLANG_WARN_OBJC_ROOT_CLASS = YES_ERROR;
				CLANG_WARN_RANGE_LOOP_ANALYSIS = YES;
				CLANG_WARN_STRICT_PROTOTYPES = YES;
				CLANG_WARN_SUSPICIOUS_MOVE = YES;
				CLANG_WARN_UNGUARDED_AVAILABILITY = YES_AGGRESSIVE;
				CLANG_WARN_UNREACHABLE_CODE = YES;
				CLANG_WARN__DUPLICATE_METHOD_MATCH = YES;
				CODE_SIGN_IDENTITY = "iPhone Developer";
				COPY_PHASE_STRIP = NO;
				DEBUG_INFORMATION_FORMAT = "dwarf-with-dsym";
				ENABLE_NS_ASSERTIONS = NO;
				ENABLE_STRICT_OBJC_MSGSEND = YES;
				GCC_C_LANGUAGE_STANDARD = gnu11;
				GCC_NO_COMMON_BLOCKS = YES;
				GCC_WARN_64_TO_32_BIT_CONVERSION = YES;
				GCC_WARN_ABOUT_RETURN_TYPE = YES_ERROR;
				GCC_WARN_UNDECLARED_SELECTOR = YES;
				GCC_WARN_UNINITIALIZED_AUTOS = YES_AGGRESSIVE;
				GCC_WARN_UNUSED_FUNCTION = YES;
				GCC_WARN_UNUSED_VARIABLE = YES;
				IPHONEOS_DEPLOYMENT_TARGET = 11.4;
				MTL_ENABLE_DEBUG_INFO = NO;
				SDKROOT = iphoneos;
				VALIDATE_PRODUCT = YES;
			};
			name = Release;
		};
		2EA35D0C20C1F045009425E9 /* Debug */ = {
			isa = XCBuildConfiguration;
			buildSettings = {
				ASSETCATALOG_COMPILER_APPICON_NAME = AppIcon;
				CODE_SIGN_IDENTITY = "iPhone Developer";
				CODE_SIGN_STYLE = Automatic;
				DEVELOPMENT_TEAM = "";
				INFOPLIST_FILE = "StackoverflowUsers/Supporting Files/Info.plist";
				IPHONEOS_DEPLOYMENT_TARGET = 10.0;
				LD_RUNPATH_SEARCH_PATHS = (
					"$(inherited)",
					"@executable_path/Frameworks",
				);
				PRODUCT_BUNDLE_IDENTIFIER = com.jian.StackoverflowUsers;
				PRODUCT_NAME = "$(TARGET_NAME)";
				PROVISIONING_PROFILE_SPECIFIER = "";
				TARGETED_DEVICE_FAMILY = 1;
			};
			name = Debug;
		};
		2EA35D0D20C1F045009425E9 /* Release */ = {
			isa = XCBuildConfiguration;
			buildSettings = {
				ASSETCATALOG_COMPILER_APPICON_NAME = AppIcon;
				CODE_SIGN_IDENTITY = "iPhone Developer";
				CODE_SIGN_STYLE = Automatic;
				DEVELOPMENT_TEAM = "";
				INFOPLIST_FILE = "StackoverflowUsers/Supporting Files/Info.plist";
				IPHONEOS_DEPLOYMENT_TARGET = 10.0;
				LD_RUNPATH_SEARCH_PATHS = (
					"$(inherited)",
					"@executable_path/Frameworks",
				);
				PRODUCT_BUNDLE_IDENTIFIER = com.jian.StackoverflowUsers;
				PRODUCT_NAME = "$(TARGET_NAME)";
				PROVISIONING_PROFILE_SPECIFIER = "";
				TARGETED_DEVICE_FAMILY = 1;
			};
			name = Release;
		};
/* End XCBuildConfiguration section */

/* Begin XCConfigurationList section */
		2E745E1020C6561F00F126B7 /* Build configuration list for PBXNativeTarget "DataModelTests" */ = {
			isa = XCConfigurationList;
			buildConfigurations = (
				2E745E1120C6561F00F126B7 /* Debug */,
				2E745E1220C6561F00F126B7 /* Release */,
			);
			defaultConfigurationIsVisible = 0;
			defaultConfigurationName = Release;
		};
		2EA35CF020C1F042009425E9 /* Build configuration list for PBXProject "StackoverflowUsers" */ = {
			isa = XCConfigurationList;
			buildConfigurations = (
				2EA35D0920C1F045009425E9 /* Debug */,
				2EA35D0A20C1F045009425E9 /* Release */,
			);
			defaultConfigurationIsVisible = 0;
			defaultConfigurationName = Release;
		};
		2EA35D0B20C1F045009425E9 /* Build configuration list for PBXNativeTarget "StackoverflowUsers" */ = {
			isa = XCConfigurationList;
			buildConfigurations = (
				2EA35D0C20C1F045009425E9 /* Debug */,
				2EA35D0D20C1F045009425E9 /* Release */,
			);
			defaultConfigurationIsVisible = 0;
			defaultConfigurationName = Release;
		};
/* End XCConfigurationList section */
	};
	rootObject = 2EA35CED20C1F042009425E9 /* Project object */;
}
